
Microsoft Visual Studio Solution File, Format Version 12.00
# Visual Studio Version 17
VisualStudioVersion = 17.1.32407.343
MinimumVisualStudioVersion = 10.0.40219.1
Project("{FAE04EC0-301F-11D3-BF4B-00C04F79EFBC}") = "ContactManagerApi", "ContactManagerApi\ContactManagerApi.csproj", "{13EAF14E-D351-42BE-A683-0DC71DF4484D}"
EndProject
Global
	GlobalSection(SolutionConfigurationPlatforms) = preSolution
		Debug|Any CPU = Debug|Any CPU
		Release|Any CPU = Release|Any CPU
	EndGlobalSection
	GlobalSection(ProjectConfigurationPlatforms) = postSolution
		{13EAF14E-D351-42BE-A683-0DC71DF4484D}.Debug|Any CPU.ActiveCfg = Debug|Any CPU
		{13EAF14E-D351-42BE-A683-0DC71DF4484D}.Debug|Any CPU.Build.0 = Debug|Any CPU
		{13EAF14E-D351-42BE-A683-0DC71DF4484D}.Release|Any CPU.ActiveCfg = Release|Any CPU
		{13EAF14E-D351-42BE-A683-0DC71DF4484D}.Release|Any CPU.Build.0 = Release|Any CPU
	EndGlobalSection
	GlobalSection(SolutionProperties) = preSolution
		HideSolutionNode = FALSE
	EndGlobalSection
	GlobalSection(ExtensibilityGlobals) = postSolution
		SolutionGuid = {0C37AB93-E48A-42EA-B9AB-D93B57947925}
	EndGlobalSection
EndGlobal
